{
  "version": 4,
  "terraform_version": "1.1.9",
  "serial": 58,
  "lineage": "83fc2bad-f3cc-c25c-3be4-02b069dbd13e",
  "outputs": {
    "fortigate": {
      "value": {
        "fortigate_onprem_bastion": {
          "cidr_block": {
            "cidr_block": "10.0.0.96/27",
            "vlanid": "14"
          },
          "name": "bastion"
        },
        "fortigate_onprem_gitlab": {
          "cidr_block": {
            "cidr_block": "10.0.0.128/27",
            "vlanid": "15"
          },
          "name": "gitlab"
        },
        "fortigate_onprem_k8s": {
          "cidr_block": {
            "cidr_block": "10.0.0.32/27",
            "vlanid": "12"
          },
          "name": "k8s"
        },
        "fortigate_onprem_vmware": {
          "cidr_block": {
            "cidr_block": "10.0.0.160/27",
            "vlanid": "16"
          },
          "name": "vmware"
        }
      },
      "type": [
        "object",
        {
          "fortigate_onprem_bastion": [
            "object",
            {
              "cidr_block": [
                "object",
                {
                  "cidr_block": "string",
                  "vlanid": "string"
                }
              ],
              "name": "string"
            }
          ],
          "fortigate_onprem_gitlab": [
            "object",
            {
              "cidr_block": [
                "object",
                {
                  "cidr_block": "string",
                  "vlanid": "string"
                }
              ],
              "name": "string"
            }
          ],
          "fortigate_onprem_k8s": [
            "object",
            {
              "cidr_block": [
                "object",
                {
                  "cidr_block": "string",
                  "vlanid": "string"
                }
              ],
              "name": "string"
            }
          ],
          "fortigate_onprem_vmware": [
            "object",
            {
              "cidr_block": [
                "object",
                {
                  "cidr_block": "string",
                  "vlanid": "string"
                }
              ],
              "name": "string"
            }
          ]
        }
      ]
    },
    "networks_from_fortigate_tf": {
      "value": {
        "fortigate_onprem_bastion": {
          "cidr_block": "10.0.0.96/27",
          "vlanid": "14"
        },
        "fortigate_onprem_gitlab": {
          "cidr_block": "10.0.0.128/27",
          "vlanid": "15"
        },
        "fortigate_onprem_k8s": {
          "cidr_block": "10.0.0.32/27",
          "vlanid": "12"
        },
        "fortigate_onprem_vmware": {
          "cidr_block": "10.0.0.160/27",
          "vlanid": "16"
        }
      },
      "type": [
        "object",
        {
          "fortigate_onprem_bastion": [
            "object",
            {
              "cidr_block": "string",
              "vlanid": "string"
            }
          ],
          "fortigate_onprem_gitlab": [
            "object",
            {
              "cidr_block": "string",
              "vlanid": "string"
            }
          ],
          "fortigate_onprem_k8s": [
            "object",
            {
              "cidr_block": "string",
              "vlanid": "string"
            }
          ],
          "fortigate_onprem_vmware": [
            "object",
            {
              "cidr_block": "string",
              "vlanid": "string"
            }
          ]
        }
      ]
    },
    "vm": {
      "value": {
        "bast1": {
          "disksize": 60,
          "memory": "16192",
          "num_cpus": "2",
          "portgroup": "bastion"
        },
        "docker1": {
          "disksize": 60,
          "memory": "32192",
          "num_cpus": "16",
          "portgroup": "k8s"
        },
        "gitlab1": {
          "disksize": 60,
          "memory": "8192",
          "num_cpus": "2",
          "portgroup": "gitlab"
        },
        "gitlabrunner1": {
          "disksize": 60,
          "memory": "8192",
          "num_cpus": "2",
          "portgroup": "bastion"
        },
        "telegraf1": {
          "disksize": 60,
          "memory": "8192",
          "num_cpus": "2",
          "portgroup": "bastion"
        }
      },
      "type": [
        "object",
        {
          "bast1": [
            "object",
            {
              "disksize": "number",
              "memory": "string",
              "num_cpus": "string",
              "portgroup": "string"
            }
          ],
          "docker1": [
            "object",
            {
              "disksize": "number",
              "memory": "string",
              "num_cpus": "string",
              "portgroup": "string"
            }
          ],
          "gitlab1": [
            "object",
            {
              "disksize": "number",
              "memory": "string",
              "num_cpus": "string",
              "portgroup": "string"
            }
          ],
          "gitlabrunner1": [
            "object",
            {
              "disksize": "number",
              "memory": "string",
              "num_cpus": "string",
              "portgroup": "string"
            }
          ],
          "telegraf1": [
            "object",
            {
              "disksize": "number",
              "memory": "string",
              "num_cpus": "string",
              "portgroup": "string"
            }
          ]
        }
      ]
    }
  },
  "resources": [
    {
      "mode": "data",
      "type": "http",
      "name": "example",
      "provider": "provider[\"registry.terraform.io/hashicorp/http\"]",
      "instances": [
        {
          "schema_version": 0,
          "attributes": {
            "body": "{\"product\":\"terraform\",\"current_version\":\"1.3.3\",\"current_release\":1666204451,\"current_download_url\":\"https://releases.hashicorp.com/terraform/1.3.3\",\"current_changelog_url\":\"https://github.com/hashicorp/terraform/blob/v1.3.3/CHANGELOG.md\",\"project_website\":\"https://www.terraform.io\",\"alerts\":[]}",
            "id": "https://checkpoint-api.hashicorp.com/v1/check/terraform",
            "method": null,
            "request_body": null,
            "request_headers": {
              "Accept": "application/json"
            },
            "response_body": "{\"product\":\"terraform\",\"current_version\":\"1.3.3\",\"current_release\":1666204451,\"current_download_url\":\"https://releases.hashicorp.com/terraform/1.3.3\",\"current_changelog_url\":\"https://github.com/hashicorp/terraform/blob/v1.3.3/CHANGELOG.md\",\"project_website\":\"https://www.terraform.io\",\"alerts\":[]}",
            "response_headers": {
              "Access-Control-Allow-Headers": "Accept, Cache-Control, X-Requested-With, Content-Type",
              "Access-Control-Allow-Methods": "GET, OPTIONS",
              "Access-Control-Allow-Origin": "*",
              "Access-Control-Max-Age": "86400",
              "Connection": "keep-alive",
              "Content-Length": "297",
              "Content-Type": "application/json",
              "Date": "Sun, 23 Oct 2022 08:51:56 GMT",
              "Via": "1.1 4f01f770085624552bc30a98954f963a.cloudfront.net (CloudFront)",
              "X-Amz-Cf-Id": "mi4n07w8Yf6NPDbfASQQkkypT9HRLCYtU1RE9VcYv7wA6geo47eK6Q==",
              "X-Amz-Cf-Pop": "OSL50-C1",
              "X-Cache": "Miss from cloudfront"
            },
            "status_code": 200,
            "url": "https://checkpoint-api.hashicorp.com/v1/check/terraform"
          },
          "sensitive_attributes": []
        }
      ]
    },
    {
      "mode": "data",
      "type": "terraform_remote_state",
      "name": "Homelabb-Fortigate",
      "provider": "provider[\"terraform.io/builtin/terraform\"]",
      "instances": [
        {
          "schema_version": 0,
          "attributes": {
            "backend": "http",
            "config": {
              "value": {
                "address": "http://10.0.0.130/api/v4/projects/2/terraform/state/main",
                "username": "terraform"
              },
              "type": [
                "object",
                {
                  "address": "string",
                  "username": "string"
                }
              ]
            },
            "defaults": null,
            "outputs": {
              "value": {
                "networks": {
                  "networks": {
                    "cidr_block": "10.0.0.0/16",
                    "regions": {
                      "azure_north_eu_": {
                        "cidr_block": "10.0.16.0/20"
                      },
                      "fortigate_onprem_": {
                        "cidr_block": "10.0.0.0/20"
                      }
                    },
                    "subnets": {
                      "azure_north_eu_": {
                        "azure_north_eu_bastion": {
                          "cidr_block": "10.0.16.96/27",
                          "vlanid": "14"
                        },
                        "azure_north_eu_gitlab": {
                          "cidr_block": "10.0.16.128/27",
                          "vlanid": "15"
                        },
                        "azure_north_eu_k8s": {
                          "cidr_block": "10.0.16.32/27",
                          "vlanid": "12"
                        },
                        "azure_north_eu_vmware": {
                          "cidr_block": "10.0.16.160/27",
                          "vlanid": "16"
                        }
                      },
                      "fortigate_onprem_": {
                        "fortigate_onprem_bastion": {
                          "cidr_block": "10.0.0.96/27",
                          "vlanid": "14"
                        },
                        "fortigate_onprem_gitlab": {
                          "cidr_block": "10.0.0.128/27",
                          "vlanid": "15"
                        },
                        "fortigate_onprem_k8s": {
                          "cidr_block": "10.0.0.32/27",
                          "vlanid": "12"
                        },
                        "fortigate_onprem_vmware": {
                          "cidr_block": "10.0.0.160/27",
                          "vlanid": "16"
                        }
                      }
                    }
                  }
                },
                "test": "10:33:40"
              },
              "type": [
                "object",
                {
                  "networks": [
                    "object",
                    {
                      "networks": [
                        "object",
                        {
                          "cidr_block": "string",
                          "regions": [
                            "object",
                            {
                              "azure_north_eu_": [
                                "object",
                                {
                                  "cidr_block": "string"
                                }
                              ],
                              "fortigate_onprem_": [
                                "object",
                                {
                                  "cidr_block": "string"
                                }
                              ]
                            }
                          ],
                          "subnets": [
                            "object",
                            {
                              "azure_north_eu_": [
                                "object",
                                {
                                  "azure_north_eu_bastion": [
                                    "object",
                                    {
                                      "cidr_block": "string",
                                      "vlanid": "string"
                                    }
                                  ],
                                  "azure_north_eu_gitlab": [
                                    "object",
                                    {
                                      "cidr_block": "string",
                                      "vlanid": "string"
                                    }
                                  ],
                                  "azure_north_eu_k8s": [
                                    "object",
                                    {
                                      "cidr_block": "string",
                                      "vlanid": "string"
                                    }
                                  ],
                                  "azure_north_eu_vmware": [
                                    "object",
                                    {
                                      "cidr_block": "string",
                                      "vlanid": "string"
                                    }
                                  ]
                                }
                              ],
                              "fortigate_onprem_": [
                                "object",
                                {
                                  "fortigate_onprem_bastion": [
                                    "object",
                                    {
                                      "cidr_block": "string",
                                      "vlanid": "string"
                                    }
                                  ],
                                  "fortigate_onprem_gitlab": [
                                    "object",
                                    {
                                      "cidr_block": "string",
                                      "vlanid": "string"
                                    }
                                  ],
                                  "fortigate_onprem_k8s": [
                                    "object",
                                    {
                                      "cidr_block": "string",
                                      "vlanid": "string"
                                    }
                                  ],
                                  "fortigate_onprem_vmware": [
                                    "object",
                                    {
                                      "cidr_block": "string",
                                      "vlanid": "string"
                                    }
                                  ]
                                }
                              ]
                            }
                          ]
                        }
                      ]
                    }
                  ],
                  "test": "string"
                }
              ]
            },
            "workspace": null
          },
          "sensitive_attributes": []
        }
      ]
    },
    {
      "mode": "data",
      "type": "vsphere_datacenter",
      "name": "datacenter",
      "provider": "provider[\"registry.terraform.io/hashicorp/vsphere\"]",
      "instances": [
        {
          "schema_version": 0,
          "attributes": {
            "id": "datacenter-3",
            "name": "datacenter"
          },
          "sensitive_attributes": []
        }
      ]
    },
    {
      "mode": "data",
      "type": "vsphere_datastore",
      "name": "datastore1",
      "provider": "provider[\"registry.terraform.io/hashicorp/vsphere\"]",
      "instances": [
        {
          "schema_version": 0,
          "attributes": {
            "datacenter_id": "datacenter-3",
            "id": "datastore-11",
            "name": "nvme_hp3"
          },
          "sensitive_attributes": []
        }
      ]
    },
    {
      "mode": "data",
      "type": "vsphere_host",
      "name": "hp3",
      "provider": "provider[\"registry.terraform.io/hashicorp/vsphere\"]",
      "instances": [
        {
          "schema_version": 0,
          "attributes": {
            "datacenter_id": "datacenter-3",
            "id": "host-10",
            "name": "hp3.mgmt.nilsen-tech.com",
            "resource_pool_id": "resgroup-9"
          },
          "sensitive_attributes": []
        }
      ]
    },
    {
      "mode": "data",
      "type": "vsphere_network",
      "name": "networks",
      "provider": "provider[\"registry.terraform.io/hashicorp/vsphere\"]",
      "instances": [
        {
          "index_key": "fortigate_onprem_bastion",
          "schema_version": 0,
          "attributes": {
            "datacenter_id": "datacenter-3",
            "distributed_virtual_switch_uuid": null,
            "id": "dvportgroup-26",
            "name": "bastion",
            "type": "DistributedVirtualPortgroup"
          },
          "sensitive_attributes": []
        },
        {
          "index_key": "fortigate_onprem_gitlab",
          "schema_version": 0,
          "attributes": {
            "datacenter_id": "datacenter-3",
            "distributed_virtual_switch_uuid": null,
            "id": "dvportgroup-29",
            "name": "gitlab",
            "type": "DistributedVirtualPortgroup"
          },
          "sensitive_attributes": []
        },
        {
          "index_key": "fortigate_onprem_k8s",
          "schema_version": 0,
          "attributes": {
            "datacenter_id": "datacenter-3",
            "distributed_virtual_switch_uuid": null,
            "id": "dvportgroup-30",
            "name": "k8s",
            "type": "DistributedVirtualPortgroup"
          },
          "sensitive_attributes": []
        },
        {
          "index_key": "fortigate_onprem_vmware",
          "schema_version": 0,
          "attributes": {
            "datacenter_id": "datacenter-3",
            "distributed_virtual_switch_uuid": null,
            "id": "dvportgroup-28",
            "name": "vmware",
            "type": "DistributedVirtualPortgroup"
          },
          "sensitive_attributes": []
        }
      ]
    },
    {
      "mode": "data",
      "type": "vsphere_resource_pool",
      "name": "pool",
      "provider": "provider[\"registry.terraform.io/hashicorp/vsphere\"]",
      "instances": [
        {
          "schema_version": 0,
          "attributes": {
            "datacenter_id": "datacenter-3",
            "id": "resgroup-9",
            "name": "hp3.mgmt.nilsen-tech.com/Resources"
          },
          "sensitive_attributes": []
        }
      ]
    },
    {
      "mode": "managed",
      "type": "vsphere_virtual_machine",
      "name": "linux_vms",
      "provider": "provider[\"registry.terraform.io/hashicorp/vsphere\"]",
      "instances": [
        {
          "index_key": "bast1",
          "schema_version": 3,
          "attributes": {
            "alternate_guest_name": "",
            "annotation": "",
            "boot_delay": 0,
            "boot_retry_delay": 10000,
            "boot_retry_enabled": false,
            "cdrom": [
              {
                "client_device": true,
                "datastore_id": "",
                "device_address": "ide:1:0",
                "key": 3002,
                "path": ""
              }
            ],
            "change_version": "2022-10-23T08:51:58.110294Z",
            "clone": [],
            "cpu_hot_add_enabled": false,
            "cpu_hot_remove_enabled": false,
            "cpu_limit": -1,
            "cpu_performance_counters_enabled": false,
            "cpu_reservation": 0,
            "cpu_share_count": 2000,
            "cpu_share_level": "normal",
            "custom_attributes": {},
            "datacenter_id": "datacenter-3",
            "datastore_cluster_id": null,
            "datastore_id": "datastore-11",
            "default_ip_address": "fe80::250:56ff:fe8e:2456",
            "disk": [
              {
                "attach": false,
                "controller_type": "scsi",
                "datastore_id": "datastore-11",
                "device_address": "scsi:0:0",
                "disk_mode": "persistent",
                "disk_sharing": "sharingNone",
                "eagerly_scrub": false,
                "io_limit": -1,
                "io_reservation": 0,
                "io_share_count": 1000,
                "io_share_level": "normal",
                "keep_on_remove": false,
                "key": 2000,
                "label": "bast1.cmdk",
                "path": "bast1/bast1.vmdk",
                "size": 60,
                "storage_policy_id": "",
                "thin_provisioned": true,
                "unit_number": 0,
                "uuid": "6000C298-0d5d-2b38-7556-d2955bccf960",
                "write_through": false
              }
            ],
            "efi_secure_boot_enabled": false,
            "enable_disk_uuid": false,
            "enable_logging": false,
            "ept_rvi_mode": "automatic",
            "extra_config": {},
            "firmware": "bios",
            "folder": "",
            "force_power_off": true,
            "guest_id": "ubuntu64Guest",
            "guest_ip_addresses": [
              "fe80::250:56ff:fe8e:2456"
            ],
            "hardware_version": 10,
            "host_system_id": "host-10",
            "hv_mode": "hvAuto",
            "id": "420e8065-9f21-0bc0-89be-ba397528402b",
            "ide_controller_count": 2,
            "ignored_guest_ips": null,
            "imported": null,
            "latency_sensitivity": "normal",
            "memory": 16192,
            "memory_hot_add_enabled": false,
            "memory_limit": -1,
            "memory_reservation": 0,
            "memory_share_count": 161920,
            "memory_share_level": "normal",
            "migrate_wait_timeout": 30,
            "moid": "vm-14",
            "name": "bast1",
            "nested_hv_enabled": false,
            "network_interface": [
              {
                "adapter_type": "vmxnet3",
                "bandwidth_limit": -1,
                "bandwidth_reservation": 0,
                "bandwidth_share_count": 50,
                "bandwidth_share_level": "normal",
                "device_address": "pci:0:7",
                "key": 4000,
                "mac_address": "00:50:56:8e:24:56",
                "network_id": "dvportgroup-26",
                "ovf_mapping": "",
                "use_static_mac": false
              }
            ],
            "num_cores_per_socket": 1,
            "num_cpus": 2,
            "ovf_deploy": [
              {
                "allow_unverified_ssl_cert": false,
                "deployment_option": "",
                "disk_provisioning": "thin",
                "enable_hidden_properties": false,
                "ip_allocation_policy": "",
                "ip_protocol": "",
                "local_ovf_path": "",
                "ovf_network_map": {},
                "remote_ovf_url": "https://cloud-images.ubuntu.com/focal/current/focal-server-cloudimg-amd64.ova"
              }
            ],
            "pci_device_id": [],
            "power_state": "on",
            "poweron_timeout": 300,
            "reboot_required": false,
            "replace_trigger": null,
            "resource_pool_id": "resgroup-9",
            "run_tools_scripts_after_power_on": true,
            "run_tools_scripts_after_resume": true,
            "run_tools_scripts_before_guest_reboot": false,
            "run_tools_scripts_before_guest_shutdown": true,
            "run_tools_scripts_before_guest_standby": true,
            "sata_controller_count": 0,
            "scsi_bus_sharing": "noSharing",
            "scsi_controller_count": 1,
            "scsi_type": "pvscsi",
            "shutdown_wait_timeout": 3,
            "storage_policy_id": "",
            "swap_placement_policy": "inherit",
            "sync_time_with_host": false,
            "sync_time_with_host_periodically": false,
            "tags": [],
            "tools_upgrade_policy": "manual",
            "uuid": "420e8065-9f21-0bc0-89be-ba397528402b",
            "vapp": [
              {
                "properties": {
                  "hostname": "bast1",
                  "password": "vagrant",
                  "user-data": "I2Nsb3VkLWNvbmZpZw0KDQp1c2VyczoNCiAtIG5hbWU6IGRldm9wcw0KICAgZ3JvdXBzOiBbIHN1ZG8gXQ0KICAgc3VkbzogQUxMPShBTEwpIE5PUEFTU1dEOkFMTA0KICAgc2hlbGw6IC9iaW4vYmFzaA0KICAgbG9ja19wYXNzd2Q6IGZhbHNlDQogICAjcGFzc3dkOiAiRGV2T3BzMTIzNCEiDQogICBwYXNzd2Q6ICQ2JElxM29vclZFY2RkdHZwMCRiR0pSdUVRUFJNL3FXdWs3ck9KYXV2VllEdTY0SGFtZS9uZ3RqZTlvYnRsZ3Q4R2RhNzM3R2dKV0V6STdyS05ET3o4aXVwWU42VThlMkNoa2pZSVE3Lg0KICAgc3NoLWF1dGhvcml6ZWQta2V5czoNCiAgIC0gc3NoLXJzYSBBQUFBQjNOemFDMXljMkVBQUFBREFRQUJBQUFCZ1FDei9KWllCZ2xKRDBndzd0KzBkQUJTcG53TkZ4ZWwrbzBEamRIc3hRa2kvbUtYdlNlOUFoL3VkQ0xYSTFLWkZMeG9GSE9Ka2NnbEZZQkczaHQyTE8yV2ZHS1RiclRNVmk4TDdseTRadU52TkFDZU14UGJ4VUxLTExhNFZDSmRZZ2VNN0JOazZONVZDelFiZmV4dzdVTFZvUmhSZm5hd3A5WTRERFoxR2FHVzRiQTNMKzlLRlBrTGdJdjZobi90SkdVZFpEZnljNjBSYVRBckVjT2VLYnd4QjJEczVZOGZpVkZyWENCVjlVRTZucjVPWXFYZnRkNlk5WjVXNEM2OVFla3VzNElITmxrdEYxb2Z1NGJabDJZbFlDMk1saGNSc1UwdHhWbmJ5M3owSnFuZmpwZHJyTy9oc3pLb29raXZ2K2FwTXpkWnE4b24zdWJnNTQ0d2Z2OHpsYk8vNG5uTTVvVW13MnpEMUJTT1hzbnNtZzRDd1JQQVIvWm5uMmh1NVlZUVZXRjB4ZWdEU3FNc2xCVnUydktJYmdaYThnekp0WWkrOS96ZVlCajlwVysvVmZQM3Bqd1poOWRxZVRiejEzS3RNaU9IdUIyTU5FcCtlT1V3K3l2R2hwMkJialdGYVgwWHkrWDVROFY5VGtienFpRFNxWTdhVUNkSE9vdTFYbGM9IGxqbkBERVNLVE9QLURGQ0hVODANCiAgIC0gc3NoLXJzYSBBQUFBQjNOemFDMXljMkVBQUFBREFRQUJBQUFCZ1FDcHJ1TDM5eEFNaVFpNkgxVXhQTG90OWMvNXIyZG5rekE1TW85V2hETWxHK0xDRmFKaU9pbDV1b0txZFcxNEhQT3VsUk9xTEtlV1RBWCtxb0xhOVVwT3FiblNtczNzRXdGRWNSb212UlVZR3crRFN3T2dzS3VWNzJjeDlqbTdNZHFuT1V5YlpXWjBuUHFkK2ZNT0tQYjdVNHgzVDNwSkFwQkNrT2E1bms2SDczQ3ZsTjlKOWZZMG9lQk5KcFFQanJJNFZVZVlSbHVxTzU4TWthbllHQTZ2ODZCeUN4Z093ckhDYitodGFjSHU0RDl3Y05jQWtiRXlKWWU1WW1RbndtL3l1NUVHU0FiUTdmNjV0bVFiU3J1UGJpZVZhaVN4eG4zRXYzVDlOQVdYRU03ZEJTdlo1VDdiRHh4YitSc2xLV1pNd3NOMWRVWkZqd1pnL2toQjJVZE5WbG9iUUhvVDVQTXExc043YS9oa3BMMzVBb1B2d0d2bGRkNE43SWNpR2lpdWtDOFpKRGg3ZWZvbVBVZFFRNWl0ZFRlNlN5YmlhVlR0dE9RQTB2OFp3QTJsL29PdnpvZEQxc0VXQ0xvd3ladTBBaXJ5ZnhiakZ2RzdtRWIxTjRhR2VQMGFCS1BTQ0hPaGV1Nm93NFFwZnJXV08rZ0k0cGtNWHVFdVQrWHg3SUU9IGwuIG5pbHNlbkBERVNLVE9QLURGQ0hVODANCg0KYm9vdGNtZDoNCiAgLSBlY2hvICJIZWxsbywgV29ybGQhIGZyb20gY2xvdWRpbml0IC0gdGVycmFmb3JtIiA+PiAvdG1wL3Rlc3QudHh0"
                }
              }
            ],
            "vapp_transport": [],
            "vbs_enabled": false,
            "vmware_tools_status": "guestToolsRunning",
            "vmx_path": "bast1/bast1.vmx",
            "vvtd_enabled": false,
            "wait_for_guest_ip_timeout": 0,
            "wait_for_guest_net_routable": true,
            "wait_for_guest_net_timeout": 0
          },
          "sensitive_attributes": [],
          "private": "eyJzY2hlbWFfdmVyc2lvbiI6IjMifQ==",
          "dependencies": [
            "data.terraform_remote_state.Homelabb-Fortigate",
            "data.vsphere_datacenter.datacenter",
            "data.vsphere_datastore.datastore1",
            "data.vsphere_host.hp3",
            "data.vsphere_network.networks",
            "data.vsphere_resource_pool.pool"
          ]
        },
        {
          "index_key": "docker1",
          "schema_version": 3,
          "attributes": {
            "alternate_guest_name": "",
            "annotation": "",
            "boot_delay": 0,
            "boot_retry_delay": 10000,
            "boot_retry_enabled": false,
            "cdrom": [
              {
                "client_device": true,
                "datastore_id": "",
                "device_address": "ide:1:0",
                "key": 3002,
                "path": ""
              }
            ],
            "change_version": "2022-10-22T21:47:56.427507Z",
            "clone": [],
            "cpu_hot_add_enabled": false,
            "cpu_hot_remove_enabled": false,
            "cpu_limit": -1,
            "cpu_performance_counters_enabled": false,
            "cpu_reservation": 0,
            "cpu_share_count": 16000,
            "cpu_share_level": "normal",
            "custom_attributes": {},
            "datacenter_id": "datacenter-3",
            "datastore_cluster_id": null,
            "datastore_id": "datastore-11",
            "default_ip_address": "172.18.0.1",
            "disk": [
              {
                "attach": false,
                "controller_type": "scsi",
                "datastore_id": "datastore-11",
                "device_address": "scsi:0:0",
                "disk_mode": "persistent",
                "disk_sharing": "sharingNone",
                "eagerly_scrub": false,
                "io_limit": -1,
                "io_reservation": 0,
                "io_share_count": 1000,
                "io_share_level": "normal",
                "keep_on_remove": false,
                "key": 2000,
                "label": "docker1.cmdk",
                "path": "docker1/docker1.vmdk",
                "size": 60,
                "storage_policy_id": "",
                "thin_provisioned": true,
                "unit_number": 0,
                "uuid": "6000C292-4d20-9878-ab50-f7dcd82e3cfc",
                "write_through": false
              },
              {
                "attach": false,
                "controller_type": "scsi",
                "datastore_id": "datastore-12",
                "device_address": "scsi:0:1",
                "disk_mode": "persistent",
                "disk_sharing": "sharingNone",
                "eagerly_scrub": false,
                "io_limit": -1,
                "io_reservation": 0,
                "io_share_count": 1000,
                "io_share_level": "normal",
                "keep_on_remove": false,
                "key": 2001,
                "label": "orphaned_disk_0",
                "path": "docker1/docker1.vmdk",
                "size": 2560,
                "storage_policy_id": "",
                "thin_provisioned": true,
                "unit_number": 1,
                "uuid": "6000C29d-226e-9964-ff6a-56aa9123306b",
                "write_through": false
              }
            ],
            "efi_secure_boot_enabled": false,
            "enable_disk_uuid": false,
            "enable_logging": false,
            "ept_rvi_mode": "automatic",
            "extra_config": {},
            "firmware": "bios",
            "folder": "",
            "force_power_off": true,
            "guest_id": "ubuntu64Guest",
            "guest_ip_addresses": [
              "172.18.0.1",
              "fe80::42:c5ff:fed9:301f",
              "fe80::250:56ff:fe8e:924e"
            ],
            "hardware_version": 10,
            "host_system_id": "host-10",
            "hv_mode": "hvAuto",
            "id": "420e3d90-2ca5-6bfc-a836-62732831be9f",
            "ide_controller_count": 2,
            "ignored_guest_ips": null,
            "imported": null,
            "latency_sensitivity": "normal",
            "memory": 32192,
            "memory_hot_add_enabled": false,
            "memory_limit": -1,
            "memory_reservation": 0,
            "memory_share_count": 321920,
            "memory_share_level": "normal",
            "migrate_wait_timeout": 30,
            "moid": "vm-16",
            "name": "docker1",
            "nested_hv_enabled": false,
            "network_interface": [
              {
                "adapter_type": "vmxnet3",
                "bandwidth_limit": -1,
                "bandwidth_reservation": 0,
                "bandwidth_share_count": 50,
                "bandwidth_share_level": "normal",
                "device_address": "pci:0:7",
                "key": 4000,
                "mac_address": "00:50:56:8e:92:4e",
                "network_id": "dvportgroup-30",
                "ovf_mapping": "",
                "use_static_mac": false
              }
            ],
            "num_cores_per_socket": 1,
            "num_cpus": 16,
            "ovf_deploy": [
              {
                "allow_unverified_ssl_cert": false,
                "deployment_option": "",
                "disk_provisioning": "thin",
                "enable_hidden_properties": false,
                "ip_allocation_policy": "",
                "ip_protocol": "",
                "local_ovf_path": "",
                "ovf_network_map": {},
                "remote_ovf_url": "https://cloud-images.ubuntu.com/focal/current/focal-server-cloudimg-amd64.ova"
              }
            ],
            "pci_device_id": [],
            "power_state": "on",
            "poweron_timeout": 300,
            "reboot_required": false,
            "replace_trigger": null,
            "resource_pool_id": "resgroup-9",
            "run_tools_scripts_after_power_on": true,
            "run_tools_scripts_after_resume": true,
            "run_tools_scripts_before_guest_reboot": false,
            "run_tools_scripts_before_guest_shutdown": true,
            "run_tools_scripts_before_guest_standby": true,
            "sata_controller_count": 0,
            "scsi_bus_sharing": "noSharing",
            "scsi_controller_count": 1,
            "scsi_type": "pvscsi",
            "shutdown_wait_timeout": 3,
            "storage_policy_id": "",
            "swap_placement_policy": "inherit",
            "sync_time_with_host": false,
            "sync_time_with_host_periodically": false,
            "tags": [],
            "tools_upgrade_policy": "manual",
            "uuid": "420e3d90-2ca5-6bfc-a836-62732831be9f",
            "vapp": [
              {
                "properties": {
                  "hostname": "docker1",
                  "password": "vagrant",
                  "user-data": "I2Nsb3VkLWNvbmZpZw0KDQp1c2VyczoNCiAtIG5hbWU6IGRldm9wcw0KICAgZ3JvdXBzOiBbIHN1ZG8gXQ0KICAgc3VkbzogQUxMPShBTEwpIE5PUEFTU1dEOkFMTA0KICAgc2hlbGw6IC9iaW4vYmFzaA0KICAgbG9ja19wYXNzd2Q6IGZhbHNlDQogICAjcGFzc3dkOiAiRGV2T3BzMTIzNCEiDQogICBwYXNzd2Q6ICQ2JElxM29vclZFY2RkdHZwMCRiR0pSdUVRUFJNL3FXdWs3ck9KYXV2VllEdTY0SGFtZS9uZ3RqZTlvYnRsZ3Q4R2RhNzM3R2dKV0V6STdyS05ET3o4aXVwWU42VThlMkNoa2pZSVE3Lg0KICAgc3NoLWF1dGhvcml6ZWQta2V5czoNCiAgIC0gc3NoLXJzYSBBQUFBQjNOemFDMXljMkVBQUFBREFRQUJBQUFCZ1FDei9KWllCZ2xKRDBndzd0KzBkQUJTcG53TkZ4ZWwrbzBEamRIc3hRa2kvbUtYdlNlOUFoL3VkQ0xYSTFLWkZMeG9GSE9Ka2NnbEZZQkczaHQyTE8yV2ZHS1RiclRNVmk4TDdseTRadU52TkFDZU14UGJ4VUxLTExhNFZDSmRZZ2VNN0JOazZONVZDelFiZmV4dzdVTFZvUmhSZm5hd3A5WTRERFoxR2FHVzRiQTNMKzlLRlBrTGdJdjZobi90SkdVZFpEZnljNjBSYVRBckVjT2VLYnd4QjJEczVZOGZpVkZyWENCVjlVRTZucjVPWXFYZnRkNlk5WjVXNEM2OVFla3VzNElITmxrdEYxb2Z1NGJabDJZbFlDMk1saGNSc1UwdHhWbmJ5M3owSnFuZmpwZHJyTy9oc3pLb29raXZ2K2FwTXpkWnE4b24zdWJnNTQ0d2Z2OHpsYk8vNG5uTTVvVW13MnpEMUJTT1hzbnNtZzRDd1JQQVIvWm5uMmh1NVlZUVZXRjB4ZWdEU3FNc2xCVnUydktJYmdaYThnekp0WWkrOS96ZVlCajlwVysvVmZQM3Bqd1poOWRxZVRiejEzS3RNaU9IdUIyTU5FcCtlT1V3K3l2R2hwMkJialdGYVgwWHkrWDVROFY5VGtienFpRFNxWTdhVUNkSE9vdTFYbGM9IGxqbkBERVNLVE9QLURGQ0hVODANCiAgIC0gc3NoLXJzYSBBQUFBQjNOemFDMXljMkVBQUFBREFRQUJBQUFCZ1FDcHJ1TDM5eEFNaVFpNkgxVXhQTG90OWMvNXIyZG5rekE1TW85V2hETWxHK0xDRmFKaU9pbDV1b0txZFcxNEhQT3VsUk9xTEtlV1RBWCtxb0xhOVVwT3FiblNtczNzRXdGRWNSb212UlVZR3crRFN3T2dzS3VWNzJjeDlqbTdNZHFuT1V5YlpXWjBuUHFkK2ZNT0tQYjdVNHgzVDNwSkFwQkNrT2E1bms2SDczQ3ZsTjlKOWZZMG9lQk5KcFFQanJJNFZVZVlSbHVxTzU4TWthbllHQTZ2ODZCeUN4Z093ckhDYitodGFjSHU0RDl3Y05jQWtiRXlKWWU1WW1RbndtL3l1NUVHU0FiUTdmNjV0bVFiU3J1UGJpZVZhaVN4eG4zRXYzVDlOQVdYRU03ZEJTdlo1VDdiRHh4YitSc2xLV1pNd3NOMWRVWkZqd1pnL2toQjJVZE5WbG9iUUhvVDVQTXExc043YS9oa3BMMzVBb1B2d0d2bGRkNE43SWNpR2lpdWtDOFpKRGg3ZWZvbVBVZFFRNWl0ZFRlNlN5YmlhVlR0dE9RQTB2OFp3QTJsL29PdnpvZEQxc0VXQ0xvd3ladTBBaXJ5ZnhiakZ2RzdtRWIxTjRhR2VQMGFCS1BTQ0hPaGV1Nm93NFFwZnJXV08rZ0k0cGtNWHVFdVQrWHg3SUU9IGwuIG5pbHNlbkBERVNLVE9QLURGQ0hVODANCg0KYm9vdGNtZDoNCiAgLSBlY2hvICJIZWxsbywgV29ybGQhIGZyb20gY2xvdWRpbml0IC0gdGVycmFmb3JtIiA+PiAvdG1wL3Rlc3QudHh0"
                }
              }
            ],
            "vapp_transport": [],
            "vbs_enabled": false,
            "vmware_tools_status": "guestToolsRunning",
            "vmx_path": "docker1/docker1.vmx",
            "vvtd_enabled": false,
            "wait_for_guest_ip_timeout": 0,
            "wait_for_guest_net_routable": true,
            "wait_for_guest_net_timeout": 0
          },
          "sensitive_attributes": [],
          "private": "eyJzY2hlbWFfdmVyc2lvbiI6IjMifQ==",
          "dependencies": [
            "data.terraform_remote_state.Homelabb-Fortigate",
            "data.vsphere_datacenter.datacenter",
            "data.vsphere_datastore.datastore1",
            "data.vsphere_host.hp3",
            "data.vsphere_network.networks",
            "data.vsphere_resource_pool.pool"
          ]
        },
        {
          "index_key": "gitlab1",
          "schema_version": 3,
          "attributes": {
            "alternate_guest_name": "",
            "annotation": "",
            "boot_delay": 0,
            "boot_retry_delay": 10000,
            "boot_retry_enabled": false,
            "cdrom": [
              {
                "client_device": true,
                "datastore_id": "",
                "device_address": "ide:1:0",
                "key": 3002,
                "path": ""
              }
            ],
            "change_version": "2022-10-22T21:48:02.721189Z",
            "clone": [],
            "cpu_hot_add_enabled": false,
            "cpu_hot_remove_enabled": false,
            "cpu_limit": -1,
            "cpu_performance_counters_enabled": false,
            "cpu_reservation": 0,
            "cpu_share_count": 2000,
            "cpu_share_level": "normal",
            "custom_attributes": {},
            "datacenter_id": "datacenter-3",
            "datastore_cluster_id": null,
            "datastore_id": "datastore-11",
            "default_ip_address": "10.0.0.130",
            "disk": [
              {
                "attach": false,
                "controller_type": "scsi",
                "datastore_id": "datastore-11",
                "device_address": "scsi:0:0",
                "disk_mode": "persistent",
                "disk_sharing": "sharingNone",
                "eagerly_scrub": false,
                "io_limit": -1,
                "io_reservation": 0,
                "io_share_count": 1000,
                "io_share_level": "normal",
                "keep_on_remove": false,
                "key": 2000,
                "label": "gitlab1.cmdk",
                "path": "gitlab1/gitlab1.vmdk",
                "size": 60,
                "storage_policy_id": "",
                "thin_provisioned": true,
                "unit_number": 0,
                "uuid": "6000C298-05b7-f168-deb4-c0d45d1bab91",
                "write_through": false
              }
            ],
            "efi_secure_boot_enabled": false,
            "enable_disk_uuid": false,
            "enable_logging": false,
            "ept_rvi_mode": "automatic",
            "extra_config": {},
            "firmware": "bios",
            "folder": "",
            "force_power_off": true,
            "guest_id": "ubuntu64Guest",
            "guest_ip_addresses": [
              "10.0.0.130",
              "fe80::250:56ff:fe8e:156f"
            ],
            "hardware_version": 10,
            "host_system_id": "host-10",
            "hv_mode": "hvAuto",
            "id": "420e9edb-15a1-ad7f-b31b-330d0967e22a",
            "ide_controller_count": 2,
            "ignored_guest_ips": null,
            "imported": null,
            "latency_sensitivity": "normal",
            "memory": 8192,
            "memory_hot_add_enabled": false,
            "memory_limit": -1,
            "memory_reservation": 0,
            "memory_share_count": 81920,
            "memory_share_level": "normal",
            "migrate_wait_timeout": 30,
            "moid": "vm-15",
            "name": "gitlab1",
            "nested_hv_enabled": false,
            "network_interface": [
              {
                "adapter_type": "vmxnet3",
                "bandwidth_limit": -1,
                "bandwidth_reservation": 0,
                "bandwidth_share_count": 50,
                "bandwidth_share_level": "normal",
                "device_address": "pci:0:7",
                "key": 4000,
                "mac_address": "00:50:56:8e:15:6f",
                "network_id": "dvportgroup-29",
                "ovf_mapping": "",
                "use_static_mac": false
              }
            ],
            "num_cores_per_socket": 1,
            "num_cpus": 2,
            "ovf_deploy": [
              {
                "allow_unverified_ssl_cert": false,
                "deployment_option": "",
                "disk_provisioning": "thin",
                "enable_hidden_properties": false,
                "ip_allocation_policy": "",
                "ip_protocol": "",
                "local_ovf_path": "",
                "ovf_network_map": {},
                "remote_ovf_url": "https://cloud-images.ubuntu.com/focal/current/focal-server-cloudimg-amd64.ova"
              }
            ],
            "pci_device_id": [],
            "power_state": "on",
            "poweron_timeout": 300,
            "reboot_required": false,
            "replace_trigger": null,
            "resource_pool_id": "resgroup-9",
            "run_tools_scripts_after_power_on": true,
            "run_tools_scripts_after_resume": true,
            "run_tools_scripts_before_guest_reboot": false,
            "run_tools_scripts_before_guest_shutdown": true,
            "run_tools_scripts_before_guest_standby": true,
            "sata_controller_count": 0,
            "scsi_bus_sharing": "noSharing",
            "scsi_controller_count": 1,
            "scsi_type": "pvscsi",
            "shutdown_wait_timeout": 3,
            "storage_policy_id": "",
            "swap_placement_policy": "inherit",
            "sync_time_with_host": false,
            "sync_time_with_host_periodically": false,
            "tags": [],
            "tools_upgrade_policy": "manual",
            "uuid": "420e9edb-15a1-ad7f-b31b-330d0967e22a",
            "vapp": [
              {
                "properties": {
                  "hostname": "gitlab1",
                  "password": "vagrant",
                  "user-data": "I2Nsb3VkLWNvbmZpZw0KDQp1c2VyczoNCiAtIG5hbWU6IGRldm9wcw0KICAgZ3JvdXBzOiBbIHN1ZG8gXQ0KICAgc3VkbzogQUxMPShBTEwpIE5PUEFTU1dEOkFMTA0KICAgc2hlbGw6IC9iaW4vYmFzaA0KICAgbG9ja19wYXNzd2Q6IGZhbHNlDQogICAjcGFzc3dkOiAiRGV2T3BzMTIzNCEiDQogICBwYXNzd2Q6ICQ2JElxM29vclZFY2RkdHZwMCRiR0pSdUVRUFJNL3FXdWs3ck9KYXV2VllEdTY0SGFtZS9uZ3RqZTlvYnRsZ3Q4R2RhNzM3R2dKV0V6STdyS05ET3o4aXVwWU42VThlMkNoa2pZSVE3Lg0KICAgc3NoLWF1dGhvcml6ZWQta2V5czoNCiAgIC0gc3NoLXJzYSBBQUFBQjNOemFDMXljMkVBQUFBREFRQUJBQUFCZ1FDei9KWllCZ2xKRDBndzd0KzBkQUJTcG53TkZ4ZWwrbzBEamRIc3hRa2kvbUtYdlNlOUFoL3VkQ0xYSTFLWkZMeG9GSE9Ka2NnbEZZQkczaHQyTE8yV2ZHS1RiclRNVmk4TDdseTRadU52TkFDZU14UGJ4VUxLTExhNFZDSmRZZ2VNN0JOazZONVZDelFiZmV4dzdVTFZvUmhSZm5hd3A5WTRERFoxR2FHVzRiQTNMKzlLRlBrTGdJdjZobi90SkdVZFpEZnljNjBSYVRBckVjT2VLYnd4QjJEczVZOGZpVkZyWENCVjlVRTZucjVPWXFYZnRkNlk5WjVXNEM2OVFla3VzNElITmxrdEYxb2Z1NGJabDJZbFlDMk1saGNSc1UwdHhWbmJ5M3owSnFuZmpwZHJyTy9oc3pLb29raXZ2K2FwTXpkWnE4b24zdWJnNTQ0d2Z2OHpsYk8vNG5uTTVvVW13MnpEMUJTT1hzbnNtZzRDd1JQQVIvWm5uMmh1NVlZUVZXRjB4ZWdEU3FNc2xCVnUydktJYmdaYThnekp0WWkrOS96ZVlCajlwVysvVmZQM3Bqd1poOWRxZVRiejEzS3RNaU9IdUIyTU5FcCtlT1V3K3l2R2hwMkJialdGYVgwWHkrWDVROFY5VGtienFpRFNxWTdhVUNkSE9vdTFYbGM9IGxqbkBERVNLVE9QLURGQ0hVODANCiAgIC0gc3NoLXJzYSBBQUFBQjNOemFDMXljMkVBQUFBREFRQUJBQUFCZ1FDcHJ1TDM5eEFNaVFpNkgxVXhQTG90OWMvNXIyZG5rekE1TW85V2hETWxHK0xDRmFKaU9pbDV1b0txZFcxNEhQT3VsUk9xTEtlV1RBWCtxb0xhOVVwT3FiblNtczNzRXdGRWNSb212UlVZR3crRFN3T2dzS3VWNzJjeDlqbTdNZHFuT1V5YlpXWjBuUHFkK2ZNT0tQYjdVNHgzVDNwSkFwQkNrT2E1bms2SDczQ3ZsTjlKOWZZMG9lQk5KcFFQanJJNFZVZVlSbHVxTzU4TWthbllHQTZ2ODZCeUN4Z093ckhDYitodGFjSHU0RDl3Y05jQWtiRXlKWWU1WW1RbndtL3l1NUVHU0FiUTdmNjV0bVFiU3J1UGJpZVZhaVN4eG4zRXYzVDlOQVdYRU03ZEJTdlo1VDdiRHh4YitSc2xLV1pNd3NOMWRVWkZqd1pnL2toQjJVZE5WbG9iUUhvVDVQTXExc043YS9oa3BMMzVBb1B2d0d2bGRkNE43SWNpR2lpdWtDOFpKRGg3ZWZvbVBVZFFRNWl0ZFRlNlN5YmlhVlR0dE9RQTB2OFp3QTJsL29PdnpvZEQxc0VXQ0xvd3ladTBBaXJ5ZnhiakZ2RzdtRWIxTjRhR2VQMGFCS1BTQ0hPaGV1Nm93NFFwZnJXV08rZ0k0cGtNWHVFdVQrWHg3SUU9IGwuIG5pbHNlbkBERVNLVE9QLURGQ0hVODANCg0KYm9vdGNtZDoNCiAgLSBlY2hvICJIZWxsbywgV29ybGQhIGZyb20gY2xvdWRpbml0IC0gdGVycmFmb3JtIiA+PiAvdG1wL3Rlc3QudHh0"
                }
              }
            ],
            "vapp_transport": [],
            "vbs_enabled": false,
            "vmware_tools_status": "guestToolsRunning",
            "vmx_path": "gitlab1/gitlab1.vmx",
            "vvtd_enabled": false,
            "wait_for_guest_ip_timeout": 0,
            "wait_for_guest_net_routable": true,
            "wait_for_guest_net_timeout": 0
          },
          "sensitive_attributes": [],
          "private": "eyJzY2hlbWFfdmVyc2lvbiI6IjMifQ==",
          "dependencies": [
            "data.terraform_remote_state.Homelabb-Fortigate",
            "data.vsphere_datacenter.datacenter",
            "data.vsphere_datastore.datastore1",
            "data.vsphere_host.hp3",
            "data.vsphere_network.networks",
            "data.vsphere_resource_pool.pool"
          ]
        },
        {
          "index_key": "gitlabrunner1",
          "schema_version": 3,
          "attributes": {
            "alternate_guest_name": "",
            "annotation": "",
            "boot_delay": 0,
            "boot_retry_delay": 10000,
            "boot_retry_enabled": false,
            "cdrom": [
              {
                "client_device": true,
                "datastore_id": "",
                "device_address": "ide:1:0",
                "key": 3002,
                "path": ""
              }
            ],
            "change_version": "2022-10-22T21:48:08.285638Z",
            "clone": [],
            "cpu_hot_add_enabled": false,
            "cpu_hot_remove_enabled": false,
            "cpu_limit": -1,
            "cpu_performance_counters_enabled": false,
            "cpu_reservation": 0,
            "cpu_share_count": 2000,
            "cpu_share_level": "normal",
            "custom_attributes": {},
            "datacenter_id": "datacenter-3",
            "datastore_cluster_id": null,
            "datastore_id": "datastore-11",
            "default_ip_address": "10.0.0.99",
            "disk": [
              {
                "attach": false,
                "controller_type": "scsi",
                "datastore_id": "datastore-11",
                "device_address": "scsi:0:0",
                "disk_mode": "persistent",
                "disk_sharing": "sharingNone",
                "eagerly_scrub": false,
                "io_limit": -1,
                "io_reservation": 0,
                "io_share_count": 1000,
                "io_share_level": "normal",
                "keep_on_remove": false,
                "key": 2000,
                "label": "gitlabrunner1.cmdk",
                "path": "gitlabrunner1/gitlabrunner1.vmdk",
                "size": 60,
                "storage_policy_id": "",
                "thin_provisioned": true,
                "unit_number": 0,
                "uuid": "6000C29a-b520-218e-b1ae-0a0481fcbf07",
                "write_through": false
              }
            ],
            "efi_secure_boot_enabled": false,
            "enable_disk_uuid": false,
            "enable_logging": false,
            "ept_rvi_mode": "automatic",
            "extra_config": {},
            "firmware": "bios",
            "folder": "",
            "force_power_off": true,
            "guest_id": "ubuntu64Guest",
            "guest_ip_addresses": [
              "10.0.0.99",
              "fe80::250:56ff:fe8e:a6df"
            ],
            "hardware_version": 10,
            "host_system_id": "host-10",
            "hv_mode": "hvAuto",
            "id": "420ec7d6-eca8-c43e-16a3-a7edb5ccce9f",
            "ide_controller_count": 2,
            "ignored_guest_ips": null,
            "imported": null,
            "latency_sensitivity": "normal",
            "memory": 8192,
            "memory_hot_add_enabled": false,
            "memory_limit": -1,
            "memory_reservation": 0,
            "memory_share_count": 81920,
            "memory_share_level": "normal",
            "migrate_wait_timeout": 30,
            "moid": "vm-20",
            "name": "gitlabrunner1",
            "nested_hv_enabled": false,
            "network_interface": [
              {
                "adapter_type": "vmxnet3",
                "bandwidth_limit": -1,
                "bandwidth_reservation": 0,
                "bandwidth_share_count": 50,
                "bandwidth_share_level": "normal",
                "device_address": "pci:0:7",
                "key": 4000,
                "mac_address": "00:50:56:8e:a6:df",
                "network_id": "dvportgroup-26",
                "ovf_mapping": "",
                "use_static_mac": false
              }
            ],
            "num_cores_per_socket": 1,
            "num_cpus": 2,
            "ovf_deploy": [
              {
                "allow_unverified_ssl_cert": false,
                "deployment_option": "",
                "disk_provisioning": "thin",
                "enable_hidden_properties": false,
                "ip_allocation_policy": "",
                "ip_protocol": "",
                "local_ovf_path": "",
                "ovf_network_map": {},
                "remote_ovf_url": "https://cloud-images.ubuntu.com/focal/current/focal-server-cloudimg-amd64.ova"
              }
            ],
            "pci_device_id": [],
            "power_state": "on",
            "poweron_timeout": 300,
            "reboot_required": false,
            "replace_trigger": null,
            "resource_pool_id": "resgroup-9",
            "run_tools_scripts_after_power_on": true,
            "run_tools_scripts_after_resume": true,
            "run_tools_scripts_before_guest_reboot": false,
            "run_tools_scripts_before_guest_shutdown": true,
            "run_tools_scripts_before_guest_standby": true,
            "sata_controller_count": 0,
            "scsi_bus_sharing": "noSharing",
            "scsi_controller_count": 1,
            "scsi_type": "pvscsi",
            "shutdown_wait_timeout": 3,
            "storage_policy_id": "",
            "swap_placement_policy": "inherit",
            "sync_time_with_host": false,
            "sync_time_with_host_periodically": false,
            "tags": [],
            "tools_upgrade_policy": "manual",
            "uuid": "420ec7d6-eca8-c43e-16a3-a7edb5ccce9f",
            "vapp": [
              {
                "properties": {
                  "hostname": "gitlabrunner1",
                  "password": "vagrant",
                  "user-data": "I2Nsb3VkLWNvbmZpZw0KDQp1c2VyczoNCiAtIG5hbWU6IGRldm9wcw0KICAgZ3JvdXBzOiBbIHN1ZG8gXQ0KICAgc3VkbzogQUxMPShBTEwpIE5PUEFTU1dEOkFMTA0KICAgc2hlbGw6IC9iaW4vYmFzaA0KICAgbG9ja19wYXNzd2Q6IGZhbHNlDQogICAjcGFzc3dkOiAiRGV2T3BzMTIzNCEiDQogICBwYXNzd2Q6ICQ2JElxM29vclZFY2RkdHZwMCRiR0pSdUVRUFJNL3FXdWs3ck9KYXV2VllEdTY0SGFtZS9uZ3RqZTlvYnRsZ3Q4R2RhNzM3R2dKV0V6STdyS05ET3o4aXVwWU42VThlMkNoa2pZSVE3Lg0KICAgc3NoLWF1dGhvcml6ZWQta2V5czoNCiAgIC0gc3NoLXJzYSBBQUFBQjNOemFDMXljMkVBQUFBREFRQUJBQUFCZ1FDei9KWllCZ2xKRDBndzd0KzBkQUJTcG53TkZ4ZWwrbzBEamRIc3hRa2kvbUtYdlNlOUFoL3VkQ0xYSTFLWkZMeG9GSE9Ka2NnbEZZQkczaHQyTE8yV2ZHS1RiclRNVmk4TDdseTRadU52TkFDZU14UGJ4VUxLTExhNFZDSmRZZ2VNN0JOazZONVZDelFiZmV4dzdVTFZvUmhSZm5hd3A5WTRERFoxR2FHVzRiQTNMKzlLRlBrTGdJdjZobi90SkdVZFpEZnljNjBSYVRBckVjT2VLYnd4QjJEczVZOGZpVkZyWENCVjlVRTZucjVPWXFYZnRkNlk5WjVXNEM2OVFla3VzNElITmxrdEYxb2Z1NGJabDJZbFlDMk1saGNSc1UwdHhWbmJ5M3owSnFuZmpwZHJyTy9oc3pLb29raXZ2K2FwTXpkWnE4b24zdWJnNTQ0d2Z2OHpsYk8vNG5uTTVvVW13MnpEMUJTT1hzbnNtZzRDd1JQQVIvWm5uMmh1NVlZUVZXRjB4ZWdEU3FNc2xCVnUydktJYmdaYThnekp0WWkrOS96ZVlCajlwVysvVmZQM3Bqd1poOWRxZVRiejEzS3RNaU9IdUIyTU5FcCtlT1V3K3l2R2hwMkJialdGYVgwWHkrWDVROFY5VGtienFpRFNxWTdhVUNkSE9vdTFYbGM9IGxqbkBERVNLVE9QLURGQ0hVODANCiAgIC0gc3NoLXJzYSBBQUFBQjNOemFDMXljMkVBQUFBREFRQUJBQUFCZ1FDcHJ1TDM5eEFNaVFpNkgxVXhQTG90OWMvNXIyZG5rekE1TW85V2hETWxHK0xDRmFKaU9pbDV1b0txZFcxNEhQT3VsUk9xTEtlV1RBWCtxb0xhOVVwT3FiblNtczNzRXdGRWNSb212UlVZR3crRFN3T2dzS3VWNzJjeDlqbTdNZHFuT1V5YlpXWjBuUHFkK2ZNT0tQYjdVNHgzVDNwSkFwQkNrT2E1bms2SDczQ3ZsTjlKOWZZMG9lQk5KcFFQanJJNFZVZVlSbHVxTzU4TWthbllHQTZ2ODZCeUN4Z093ckhDYitodGFjSHU0RDl3Y05jQWtiRXlKWWU1WW1RbndtL3l1NUVHU0FiUTdmNjV0bVFiU3J1UGJpZVZhaVN4eG4zRXYzVDlOQVdYRU03ZEJTdlo1VDdiRHh4YitSc2xLV1pNd3NOMWRVWkZqd1pnL2toQjJVZE5WbG9iUUhvVDVQTXExc043YS9oa3BMMzVBb1B2d0d2bGRkNE43SWNpR2lpdWtDOFpKRGg3ZWZvbVBVZFFRNWl0ZFRlNlN5YmlhVlR0dE9RQTB2OFp3QTJsL29PdnpvZEQxc0VXQ0xvd3ladTBBaXJ5ZnhiakZ2RzdtRWIxTjRhR2VQMGFCS1BTQ0hPaGV1Nm93NFFwZnJXV08rZ0k0cGtNWHVFdVQrWHg3SUU9IGwuIG5pbHNlbkBERVNLVE9QLURGQ0hVODANCg0KYm9vdGNtZDoNCiAgLSBlY2hvICJIZWxsbywgV29ybGQhIGZyb20gY2xvdWRpbml0IC0gdGVycmFmb3JtIiA+PiAvdG1wL3Rlc3QudHh0"
                }
              }
            ],
            "vapp_transport": [],
            "vbs_enabled": false,
            "vmware_tools_status": "guestToolsRunning",
            "vmx_path": "gitlabrunner1/gitlabrunner1.vmx",
            "vvtd_enabled": false,
            "wait_for_guest_ip_timeout": 0,
            "wait_for_guest_net_routable": true,
            "wait_for_guest_net_timeout": 0
          },
          "sensitive_attributes": [],
          "private": "eyJzY2hlbWFfdmVyc2lvbiI6IjMifQ==",
          "dependencies": [
            "data.terraform_remote_state.Homelabb-Fortigate",
            "data.vsphere_datacenter.datacenter",
            "data.vsphere_datastore.datastore1",
            "data.vsphere_host.hp3",
            "data.vsphere_network.networks",
            "data.vsphere_resource_pool.pool"
          ]
        },
        {
          "index_key": "telegraf1",
          "schema_version": 3,
          "attributes": {
            "alternate_guest_name": "",
            "annotation": "",
            "boot_delay": 0,
            "boot_retry_delay": 10000,
            "boot_retry_enabled": false,
            "cdrom": [
              {
                "client_device": true,
                "datastore_id": "",
                "device_address": "ide:1:0",
                "key": 3002,
                "path": ""
              }
            ],
            "change_version": "2022-10-23T08:51:58.109387Z",
            "clone": [],
            "cpu_hot_add_enabled": false,
            "cpu_hot_remove_enabled": false,
            "cpu_limit": -1,
            "cpu_performance_counters_enabled": false,
            "cpu_reservation": 0,
            "cpu_share_count": 2000,
            "cpu_share_level": "normal",
            "custom_attributes": {},
            "datacenter_id": "datacenter-3",
            "datastore_cluster_id": null,
            "datastore_id": "datastore-11",
            "default_ip_address": "10.0.0.98",
            "disk": [
              {
                "attach": false,
                "controller_type": "scsi",
                "datastore_id": "datastore-11",
                "device_address": "scsi:0:0",
                "disk_mode": "persistent",
                "disk_sharing": "sharingNone",
                "eagerly_scrub": false,
                "io_limit": -1,
                "io_reservation": 0,
                "io_share_count": 1000,
                "io_share_level": "normal",
                "keep_on_remove": false,
                "key": 2000,
                "label": "telegraf1.cmdk",
                "path": "telegraf1/telegraf1.vmdk",
                "size": 60,
                "storage_policy_id": "",
                "thin_provisioned": true,
                "unit_number": 0,
                "uuid": "6000C29c-877e-642a-9cb5-0b72439b2eae",
                "write_through": false
              }
            ],
            "efi_secure_boot_enabled": false,
            "enable_disk_uuid": false,
            "enable_logging": false,
            "ept_rvi_mode": "automatic",
            "extra_config": {},
            "firmware": "bios",
            "folder": "",
            "force_power_off": true,
            "guest_id": "ubuntu64Guest",
            "guest_ip_addresses": [],
            "hardware_version": 10,
            "host_system_id": "host-10",
            "hv_mode": "hvAuto",
            "id": "420e2fa8-2337-74a8-5fd3-4d845f343c40",
            "ide_controller_count": 2,
            "ignored_guest_ips": null,
            "imported": null,
            "latency_sensitivity": "normal",
            "memory": 8192,
            "memory_hot_add_enabled": false,
            "memory_limit": -1,
            "memory_reservation": 0,
            "memory_share_count": 81920,
            "memory_share_level": "normal",
            "migrate_wait_timeout": 30,
            "moid": "vm-17",
            "name": "telegraf1",
            "nested_hv_enabled": false,
            "network_interface": [
              {
                "adapter_type": "vmxnet3",
                "bandwidth_limit": -1,
                "bandwidth_reservation": 0,
                "bandwidth_share_count": 50,
                "bandwidth_share_level": "normal",
                "device_address": "pci:0:7",
                "key": 4000,
                "mac_address": "00:50:56:8e:a1:7d",
                "network_id": "dvportgroup-26",
                "ovf_mapping": "",
                "use_static_mac": false
              }
            ],
            "num_cores_per_socket": 1,
            "num_cpus": 2,
            "ovf_deploy": [
              {
                "allow_unverified_ssl_cert": false,
                "deployment_option": "",
                "disk_provisioning": "thin",
                "enable_hidden_properties": false,
                "ip_allocation_policy": "",
                "ip_protocol": "",
                "local_ovf_path": "",
                "ovf_network_map": {},
                "remote_ovf_url": "https://cloud-images.ubuntu.com/focal/current/focal-server-cloudimg-amd64.ova"
              }
            ],
            "pci_device_id": [],
            "power_state": "on",
            "poweron_timeout": 300,
            "reboot_required": false,
            "replace_trigger": null,
            "resource_pool_id": "resgroup-9",
            "run_tools_scripts_after_power_on": true,
            "run_tools_scripts_after_resume": true,
            "run_tools_scripts_before_guest_reboot": false,
            "run_tools_scripts_before_guest_shutdown": true,
            "run_tools_scripts_before_guest_standby": true,
            "sata_controller_count": 0,
            "scsi_bus_sharing": "noSharing",
            "scsi_controller_count": 1,
            "scsi_type": "pvscsi",
            "shutdown_wait_timeout": 3,
            "storage_policy_id": "",
            "swap_placement_policy": "inherit",
            "sync_time_with_host": false,
            "sync_time_with_host_periodically": false,
            "tags": [],
            "tools_upgrade_policy": "manual",
            "uuid": "420e2fa8-2337-74a8-5fd3-4d845f343c40",
            "vapp": [
              {
                "properties": {
                  "hostname": "telegraf1",
                  "password": "vagrant",
                  "user-data": "I2Nsb3VkLWNvbmZpZw0KDQp1c2VyczoNCiAtIG5hbWU6IGRldm9wcw0KICAgZ3JvdXBzOiBbIHN1ZG8gXQ0KICAgc3VkbzogQUxMPShBTEwpIE5PUEFTU1dEOkFMTA0KICAgc2hlbGw6IC9iaW4vYmFzaA0KICAgbG9ja19wYXNzd2Q6IGZhbHNlDQogICAjcGFzc3dkOiAiRGV2T3BzMTIzNCEiDQogICBwYXNzd2Q6ICQ2JElxM29vclZFY2RkdHZwMCRiR0pSdUVRUFJNL3FXdWs3ck9KYXV2VllEdTY0SGFtZS9uZ3RqZTlvYnRsZ3Q4R2RhNzM3R2dKV0V6STdyS05ET3o4aXVwWU42VThlMkNoa2pZSVE3Lg0KICAgc3NoLWF1dGhvcml6ZWQta2V5czoNCiAgIC0gc3NoLXJzYSBBQUFBQjNOemFDMXljMkVBQUFBREFRQUJBQUFCZ1FDei9KWllCZ2xKRDBndzd0KzBkQUJTcG53TkZ4ZWwrbzBEamRIc3hRa2kvbUtYdlNlOUFoL3VkQ0xYSTFLWkZMeG9GSE9Ka2NnbEZZQkczaHQyTE8yV2ZHS1RiclRNVmk4TDdseTRadU52TkFDZU14UGJ4VUxLTExhNFZDSmRZZ2VNN0JOazZONVZDelFiZmV4dzdVTFZvUmhSZm5hd3A5WTRERFoxR2FHVzRiQTNMKzlLRlBrTGdJdjZobi90SkdVZFpEZnljNjBSYVRBckVjT2VLYnd4QjJEczVZOGZpVkZyWENCVjlVRTZucjVPWXFYZnRkNlk5WjVXNEM2OVFla3VzNElITmxrdEYxb2Z1NGJabDJZbFlDMk1saGNSc1UwdHhWbmJ5M3owSnFuZmpwZHJyTy9oc3pLb29raXZ2K2FwTXpkWnE4b24zdWJnNTQ0d2Z2OHpsYk8vNG5uTTVvVW13MnpEMUJTT1hzbnNtZzRDd1JQQVIvWm5uMmh1NVlZUVZXRjB4ZWdEU3FNc2xCVnUydktJYmdaYThnekp0WWkrOS96ZVlCajlwVysvVmZQM3Bqd1poOWRxZVRiejEzS3RNaU9IdUIyTU5FcCtlT1V3K3l2R2hwMkJialdGYVgwWHkrWDVROFY5VGtienFpRFNxWTdhVUNkSE9vdTFYbGM9IGxqbkBERVNLVE9QLURGQ0hVODANCiAgIC0gc3NoLXJzYSBBQUFBQjNOemFDMXljMkVBQUFBREFRQUJBQUFCZ1FDcHJ1TDM5eEFNaVFpNkgxVXhQTG90OWMvNXIyZG5rekE1TW85V2hETWxHK0xDRmFKaU9pbDV1b0txZFcxNEhQT3VsUk9xTEtlV1RBWCtxb0xhOVVwT3FiblNtczNzRXdGRWNSb212UlVZR3crRFN3T2dzS3VWNzJjeDlqbTdNZHFuT1V5YlpXWjBuUHFkK2ZNT0tQYjdVNHgzVDNwSkFwQkNrT2E1bms2SDczQ3ZsTjlKOWZZMG9lQk5KcFFQanJJNFZVZVlSbHVxTzU4TWthbllHQTZ2ODZCeUN4Z093ckhDYitodGFjSHU0RDl3Y05jQWtiRXlKWWU1WW1RbndtL3l1NUVHU0FiUTdmNjV0bVFiU3J1UGJpZVZhaVN4eG4zRXYzVDlOQVdYRU03ZEJTdlo1VDdiRHh4YitSc2xLV1pNd3NOMWRVWkZqd1pnL2toQjJVZE5WbG9iUUhvVDVQTXExc043YS9oa3BMMzVBb1B2d0d2bGRkNE43SWNpR2lpdWtDOFpKRGg3ZWZvbVBVZFFRNWl0ZFRlNlN5YmlhVlR0dE9RQTB2OFp3QTJsL29PdnpvZEQxc0VXQ0xvd3ladTBBaXJ5ZnhiakZ2RzdtRWIxTjRhR2VQMGFCS1BTQ0hPaGV1Nm93NFFwZnJXV08rZ0k0cGtNWHVFdVQrWHg3SUU9IGwuIG5pbHNlbkBERVNLVE9QLURGQ0hVODANCg0KYm9vdGNtZDoNCiAgLSBlY2hvICJIZWxsbywgV29ybGQhIGZyb20gY2xvdWRpbml0IC0gdGVycmFmb3JtIiA+PiAvdG1wL3Rlc3QudHh0"
                }
              }
            ],
            "vapp_transport": [],
            "vbs_enabled": false,
            "vmware_tools_status": "guestToolsRunning",
            "vmx_path": "telegraf1/telegraf1.vmx",
            "vvtd_enabled": false,
            "wait_for_guest_ip_timeout": 0,
            "wait_for_guest_net_routable": true,
            "wait_for_guest_net_timeout": 0
          },
          "sensitive_attributes": [],
          "private": "eyJzY2hlbWFfdmVyc2lvbiI6IjMifQ==",
          "dependencies": [
            "data.terraform_remote_state.Homelabb-Fortigate",
            "data.vsphere_datacenter.datacenter",
            "data.vsphere_datastore.datastore1",
            "data.vsphere_host.hp3",
            "data.vsphere_network.networks",
            "data.vsphere_resource_pool.pool"
          ]
        }
      ]
    }
  ]
}
